
Microsoft Visual Studio Solution File, Format Version 12.00
# Visual Studio Version 17
VisualStudioVersion = 17.9.34728.123
MinimumVisualStudioVersion = 10.0.40219.1
Project("{FAE04EC0-301F-11D3-BF4B-00C04F79EFBC}") = "API", "API\API.csproj", "{1464CE71-6643-42A3-8051-9EF6EB67AE7E}"
EndProject
Global
	GlobalSection(SolutionConfigurationPlatforms) = preSolution
		Debug|Any CPU = Debug|Any CPU
		Release|Any CPU = Release|Any CPU
	EndGlobalSection
	GlobalSection(ProjectConfigurationPlatforms) = postSolution
		{1464CE71-6643-42A3-8051-9EF6EB67AE7E}.Debug|Any CPU.ActiveCfg = Debug|Any CPU
		{1464CE71-6643-42A3-8051-9EF6EB67AE7E}.Debug|Any CPU.Build.0 = Debug|Any CPU
		{1464CE71-6643-42A3-8051-9EF6EB67AE7E}.Release|Any CPU.ActiveCfg = Release|Any CPU
		{1464CE71-6643-42A3-8051-9EF6EB67AE7E}.Release|Any CPU.Build.0 = Release|Any CPU
	EndGlobalSection
	GlobalSection(SolutionProperties) = preSolution
		HideSolutionNode = FALSE
	EndGlobalSection
	GlobalSection(ExtensibilityGlobals) = postSolution
		SolutionGuid = {E1ED6A82-1793-437A-AF09-40A5AB4BD46C}
	EndGlobalSection
EndGlobal
